
Microsoft Visual Studio Solution File, Format Version 12.00
# Visual Studio 15
VisualStudioVersion = 15.0.28307.102
MinimumVisualStudioVersion = 10.0.40219.1
Project("{8BC9CEB8-8B4A-11D0-8D11-00A0C91BC942}") = "riflemanager", "riflemanager\riflemanager.vcxproj", "{ACB26CF4-05D6-4175-BB77-D09109D986EE}"
EndProject
Global
	GlobalSection(SolutionConfigurationPlatforms) = preSolution
		Debug|x64 = Debug|x64
		Debug|x86 = Debug|x86
		Release|x64 = Release|x64
		Release|x86 = Release|x86
	EndGlobalSection
	GlobalSection(ProjectConfigurationPlatforms) = postSolution
		{ACB26CF4-05D6-4175-BB77-D09109D986EE}.Debug|x64.ActiveCfg = Debug|x64
		{ACB26CF4-05D6-4175-BB77-D09109D986EE}.Debug|x64.Build.0 = Debug|x64
		{ACB26CF4-05D6-4175-BB77-D09109D986EE}.Debug|x86.ActiveCfg = Debug|Win32
		{ACB26CF4-05D6-4175-BB77-D09109D986EE}.Debug|x86.Build.0 = Debug|Win32
		{ACB26CF4-05D6-4175-BB77-D09109D986EE}.Release|x64.ActiveCfg = Release|x64
		{ACB26CF4-05D6-4175-BB77-D09109D986EE}.Release|x64.Build.0 = Release|x64
		{ACB26CF4-05D6-4175-BB77-D09109D986EE}.Release|x86.ActiveCfg = Release|Win32
		{ACB26CF4-05D6-4175-BB77-D09109D986EE}.Release|x86.Build.0 = Release|Win32
	EndGlobalSection
	GlobalSection(SolutionProperties) = preSolution
		HideSolutionNode = FALSE
	EndGlobalSection
	GlobalSection(ExtensibilityGlobals) = postSolution
		SolutionGuid = {1FBC88C9-A5E1-49F8-8EE0-410F40C15D09}
	EndGlobalSection
EndGlobal
