<?xml version="1.0" encoding="utf-8"?>
<Project ToolsVersion="4.0" xmlns="http://schemas.microsoft.com/developer/msbuild/2003">
  <ItemGroup>
    <Filter Include="Source Files">
      <UniqueIdentifier>{4FC737F1-C7A5-4376-A066-2A32D752A2FF}</UniqueIdentifier>
      <Extensions>cpp;c;cc;cxx;def;odl;idl;hpj;bat;asm;asmx</Extensions>
    </Filter>
    <Filter Include="Source Files\App Engine">
      <UniqueIdentifier>{2a599d99-1dbc-4719-b8ca-7fa6917165f9}</UniqueIdentifier>
    </Filter>
    <Filter Include="Source Files\States">
      <UniqueIdentifier>{adc7e368-3ebe-4d2d-9056-da6d324dd181}</UniqueIdentifier>
    </Filter>
    <Filter Include="Source Files\States\Rifle List">
      <UniqueIdentifier>{615c7f9c-2fba-4e92-941c-1671bae84df6}</UniqueIdentifier>
    </Filter>
    <Filter Include="Source Files\Utility">
      <UniqueIdentifier>{377db489-7a3d-47f7-8854-a4c72bfd09b6}</UniqueIdentifier>
    </Filter>
    <Filter Include="Source Files\States\Sign Out">
      <UniqueIdentifier>{c1bd4fc5-4317-431e-9bf2-475976671a64}</UniqueIdentifier>
    </Filter>
    <Filter Include="Source Files\States\Main Menu State">
      <UniqueIdentifier>{0dda765d-c350-4299-8abf-4bd5dcb14ef1}</UniqueIdentifier>
    </Filter>
  </ItemGroup>
  <ItemGroup>
    <ClCompile Include="main.cpp">
      <Filter>Source Files</Filter>
    </ClCompile>
    <ClCompile Include="AppEngine.cpp">
      <Filter>Source Files\App Engine</Filter>
    </ClCompile>
    <ClCompile Include="SettingsParser.cpp">
      <Filter>Source Files\Utility</Filter>
    </ClCompile>
    <ClCompile Include="RifleListState.cpp">
      <Filter>Source Files\States\Rifle List</Filter>
    </ClCompile>
    <ClCompile Include="RifleManager.cpp">
      <Filter>Source Files\Utility</Filter>
    </ClCompile>
    <ClCompile Include="RifleCheckoutState.cpp">
      <Filter>Source Files\States\Sign Out</Filter>
    </ClCompile>
    <ClCompile Include="MainMenuState.cpp">
      <Filter>Source Files\States\Main Menu State</Filter>
    </ClCompile>
  </ItemGroup>
  <ItemGroup>
    <ClInclude Include="AppEngine.hpp">
      <Filter>Source Files\App Engine</Filter>
    </ClInclude>
    <ClInclude Include="AppState.hpp">
      <Filter>Source Files\App Engine</Filter>
    </ClInclude>
    <ClInclude Include="SettingsParser.hpp">
      <Filter>Source Files\Utility</Filter>
    </ClInclude>
    <ClInclude Include="RifleListState.hpp">
      <Filter>Source Files\States\Rifle List</Filter>
    </ClInclude>
    <ClInclude Include="RifleManager.hpp">
      <Filter>Source Files\Utility</Filter>
    </ClInclude>
    <ClInclude Include="RifleCheckoutState.hpp">
      <Filter>Source Files\States\Sign Out</Filter>
    </ClInclude>
    <ClInclude Include="MainMenuState.hpp">
      <Filter>Source Files\States\Main Menu State</Filter>
    </ClInclude>
  </ItemGroup>
</Project>